
Microsoft Visual Studio Solution File, Format Version 12.00
# Visual Studio Version 16
VisualStudioVersion = 16.0.32510.428
MinimumVisualStudioVersion = 10.0.40219.1
Project("{FAE04EC0-301F-11D3-BF4B-00C04F79EFBC}") = "Giris", "Giris\Giris.csproj", "{36B32AEC-A549-4F04-8E02-ED5ADDD80B78}"
EndProject
Global
	GlobalSection(SolutionConfigurationPlatforms) = preSolution
		Debug|Any CPU = Debug|Any CPU
		Release|Any CPU = Release|Any CPU
	EndGlobalSection
	GlobalSection(ProjectConfigurationPlatforms) = postSolution
		{36B32AEC-A549-4F04-8E02-ED5ADDD80B78}.Debug|Any CPU.ActiveCfg = Debug|Any CPU
		{36B32AEC-A549-4F04-8E02-ED5ADDD80B78}.Debug|Any CPU.Build.0 = Debug|Any CPU
		{36B32AEC-A549-4F04-8E02-ED5ADDD80B78}.Release|Any CPU.ActiveCfg = Release|Any CPU
		{36B32AEC-A549-4F04-8E02-ED5ADDD80B78}.Release|Any CPU.Build.0 = Release|Any CPU
	EndGlobalSection
	GlobalSection(SolutionProperties) = preSolution
		HideSolutionNode = FALSE
	EndGlobalSection
	GlobalSection(ExtensibilityGlobals) = postSolution
		SolutionGuid = {3C001ED5-BB67-4402-B7AA-1908F04F7B0B}
	EndGlobalSection
EndGlobal
